
Microsoft Visual Studio Solution File, Format Version 12.00
# Visual Studio Version 16
VisualStudioVersion = 16.0.30406.217
MinimumVisualStudioVersion = 10.0.40219.1
Project("{FAE04EC0-301F-11D3-BF4B-00C04F79EFBC}") = "EGA-Lijst.UWP", "EGA-Lijst\EGA-Lijst.UWP\EGA-Lijst.UWP.csproj", "{8A2FA641-DB7F-4993-9E52-D98A69C8A71F}"
EndProject
Project("{FAE04EC0-301F-11D3-BF4B-00C04F79EFBC}") = "EGA-Lijst.Android", "EGA-Lijst\EGA-Lijst.Android\EGA-Lijst.Android.csproj", "{E46A7268-C642-417C-95D3-E7FE6C4FCBCC}"
EndProject
Project("{FAE04EC0-301F-11D3-BF4B-00C04F79EFBC}") = "EGA-Lijst.iOS", "EGA-Lijst\EGA-Lijst.iOS\EGA-Lijst.iOS.csproj", "{4E81DB6F-338C-47FB-9DC6-1DB045A4767A}"
EndProject
Project("{FAE04EC0-301F-11D3-BF4B-00C04F79EFBC}") = "EGA-Lijst", "EGA-Lijst\EGA-Lijst\EGA-Lijst.csproj", "{F224045E-A507-4C6F-A399-28F3B3348A80}"
EndProject
Global
	GlobalSection(SolutionConfigurationPlatforms) = preSolution
		Debug|Any CPU = Debug|Any CPU
		Debug|ARM = Debug|ARM
		Debug|iPhone = Debug|iPhone
		Debug|iPhoneSimulator = Debug|iPhoneSimulator
		Debug|x64 = Debug|x64
		Debug|x86 = Debug|x86
		Release|Any CPU = Release|Any CPU
		Release|ARM = Release|ARM
		Release|iPhone = Release|iPhone
		Release|iPhoneSimulator = Release|iPhoneSimulator
		Release|x64 = Release|x64
		Release|x86 = Release|x86
	EndGlobalSection
	GlobalSection(ProjectConfigurationPlatforms) = postSolution
		{8A2FA641-DB7F-4993-9E52-D98A69C8A71F}.Debug|Any CPU.ActiveCfg = Debug|x86
		{8A2FA641-DB7F-4993-9E52-D98A69C8A71F}.Debug|Any CPU.Build.0 = Debug|x86
		{8A2FA641-DB7F-4993-9E52-D98A69C8A71F}.Debug|Any CPU.Deploy.0 = Debug|x86
		{8A2FA641-DB7F-4993-9E52-D98A69C8A71F}.Debug|ARM.ActiveCfg = Debug|ARM
		{8A2FA641-DB7F-4993-9E52-D98A69C8A71F}.Debug|ARM.Build.0 = Debug|ARM
		{8A2FA641-DB7F-4993-9E52-D98A69C8A71F}.Debug|ARM.Deploy.0 = Debug|ARM
		{8A2FA641-DB7F-4993-9E52-D98A69C8A71F}.Debug|iPhone.ActiveCfg = Debug|x86
		{8A2FA641-DB7F-4993-9E52-D98A69C8A71F}.Debug|iPhone.Build.0 = Debug|x86
		{8A2FA641-DB7F-4993-9E52-D98A69C8A71F}.Debug|iPhone.Deploy.0 = Debug|x86
		{8A2FA641-DB7F-4993-9E52-D98A69C8A71F}.Debug|iPhoneSimulator.ActiveCfg = Debug|x86
		{8A2FA641-DB7F-4993-9E52-D98A69C8A71F}.Debug|iPhoneSimulator.Build.0 = Debug|x86
		{8A2FA641-DB7F-4993-9E52-D98A69C8A71F}.Debug|iPhoneSimulator.Deploy.0 = Debug|x86
		{8A2FA641-DB7F-4993-9E52-D98A69C8A71F}.Debug|x64.ActiveCfg = Debug|x64
		{8A2FA641-DB7F-4993-9E52-D98A69C8A71F}.Debug|x64.Build.0 = Debug|x64
		{8A2FA641-DB7F-4993-9E52-D98A69C8A71F}.Debug|x64.Deploy.0 = Debug|x64
		{8A2FA641-DB7F-4993-9E52-D98A69C8A71F}.Debug|x86.ActiveCfg = Debug|x86
		{8A2FA641-DB7F-4993-9E52-D98A69C8A71F}.Debug|x86.Build.0 = Debug|x86
		{8A2FA641-DB7F-4993-9E52-D98A69C8A71F}.Debug|x86.Deploy.0 = Debug|x86
		{8A2FA641-DB7F-4993-9E52-D98A69C8A71F}.Release|Any CPU.ActiveCfg = Release|x86
		{8A2FA641-DB7F-4993-9E52-D98A69C8A71F}.Release|Any CPU.Build.0 = Release|x86
		{8A2FA641-DB7F-4993-9E52-D98A69C8A71F}.Release|Any CPU.Deploy.0 = Release|x86
		{8A2FA641-DB7F-4993-9E52-D98A69C8A71F}.Release|ARM.ActiveCfg = Release|ARM
		{8A2FA641-DB7F-4993-9E52-D98A69C8A71F}.Release|ARM.Build.0 = Release|ARM
		{8A2FA641-DB7F-4993-9E52-D98A69C8A71F}.Release|ARM.Deploy.0 = Release|ARM
		{8A2FA641-DB7F-4993-9E52-D98A69C8A71F}.Release|iPhone.ActiveCfg = Release|x86
		{8A2FA641-DB7F-4993-9E52-D98A69C8A71F}.Release|iPhone.Build.0 = Release|x86
		{8A2FA641-DB7F-4993-9E52-D98A69C8A71F}.Release|iPhone.Deploy.0 = Release|x86
		{8A2FA641-DB7F-4993-9E52-D98A69C8A71F}.Release|iPhoneSimulator.ActiveCfg = Release|x86
		{8A2FA641-DB7F-4993-9E52-D98A69C8A71F}.Release|iPhoneSimulator.Build.0 = Release|x86
		{8A2FA641-DB7F-4993-9E52-D98A69C8A71F}.Release|iPhoneSimulator.Deploy.0 = Release|x86
		{8A2FA641-DB7F-4993-9E52-D98A69C8A71F}.Release|x64.ActiveCfg = Release|x64
		{8A2FA641-DB7F-4993-9E52-D98A69C8A71F}.Release|x64.Build.0 = Release|x64
		{8A2FA641-DB7F-4993-9E52-D98A69C8A71F}.Release|x64.Deploy.0 = Release|x64
		{8A2FA641-DB7F-4993-9E52-D98A69C8A71F}.Release|x86.ActiveCfg = Release|x86
		{8A2FA641-DB7F-4993-9E52-D98A69C8A71F}.Release|x86.Build.0 = Release|x86
		{8A2FA641-DB7F-4993-9E52-D98A69C8A71F}.Release|x86.Deploy.0 = Release|x86
		{E46A7268-C642-417C-95D3-E7FE6C4FCBCC}.Debug|Any CPU.ActiveCfg = Debug|Any CPU
		{E46A7268-C642-417C-95D3-E7FE6C4FCBCC}.Debug|Any CPU.Build.0 = Debug|Any CPU
		{E46A7268-C642-417C-95D3-E7FE6C4FCBCC}.Debug|Any CPU.Deploy.0 = Debug|Any CPU
		{E46A7268-C642-417C-95D3-E7FE6C4FCBCC}.Debug|ARM.ActiveCfg = Debug|Any CPU
		{E46A7268-C642-417C-95D3-E7FE6C4FCBCC}.Debug|ARM.Build.0 = Debug|Any CPU
		{E46A7268-C642-417C-95D3-E7FE6C4FCBCC}.Debug|ARM.Deploy.0 = Debug|Any CPU
		{E46A7268-C642-417C-95D3-E7FE6C4FCBCC}.Debug|iPhone.ActiveCfg = Debug|Any CPU
		{E46A7268-C642-417C-95D3-E7FE6C4FCBCC}.Debug|iPhone.Build.0 = Debug|Any CPU
		{E46A7268-C642-417C-95D3-E7FE6C4FCBCC}.Debug|iPhone.Deploy.0 = Debug|Any CPU
		{E46A7268-C642-417C-95D3-E7FE6C4FCBCC}.Debug|iPhoneSimulator.ActiveCfg = Debug|Any CPU
		{E46A7268-C642-417C-95D3-E7FE6C4FCBCC}.Debug|iPhoneSimulator.Build.0 = Debug|Any CPU
		{E46A7268-C642-417C-95D3-E7FE6C4FCBCC}.Debug|iPhoneSimulator.Deploy.0 = Debug|Any CPU
		{E46A7268-C642-417C-95D3-E7FE6C4FCBCC}.Debug|x64.ActiveCfg = Debug|Any CPU
		{E46A7268-C642-417C-95D3-E7FE6C4FCBCC}.Debug|x64.Build.0 = Debug|Any CPU
		{E46A7268-C642-417C-95D3-E7FE6C4FCBCC}.Debug|x64.Deploy.0 = Debug|Any CPU
		{E46A7268-C642-417C-95D3-E7FE6C4FCBCC}.Debug|x86.ActiveCfg = Debug|Any CPU
		{E46A7268-C642-417C-95D3-E7FE6C4FCBCC}.Debug|x86.Build.0 = Debug|Any CPU
		{E46A7268-C642-417C-95D3-E7FE6C4FCBCC}.Debug|x86.Deploy.0 = Debug|Any CPU
		{E46A7268-C642-417C-95D3-E7FE6C4FCBCC}.Release|Any CPU.ActiveCfg = Release|Any CPU
		{E46A7268-C642-417C-95D3-E7FE6C4FCBCC}.Release|Any CPU.Build.0 = Release|Any CPU
		{E46A7268-C642-417C-95D3-E7FE6C4FCBCC}.Release|Any CPU.Deploy.0 = Release|Any CPU
		{E46A7268-C642-417C-95D3-E7FE6C4FCBCC}.Release|ARM.ActiveCfg = Release|Any CPU
		{E46A7268-C642-417C-95D3-E7FE6C4FCBCC}.Release|ARM.Build.0 = Release|Any CPU
		{E46A7268-C642-417C-95D3-E7FE6C4FCBCC}.Release|ARM.Deploy.0 = Release|Any CPU
		{E46A7268-C642-417C-95D3-E7FE6C4FCBCC}.Release|iPhone.ActiveCfg = Release|Any CPU
		{E46A7268-C642-417C-95D3-E7FE6C4FCBCC}.Release|iPhone.Build.0 = Release|Any CPU
		{E46A7268-C642-417C-95D3-E7FE6C4FCBCC}.Release|iPhone.Deploy.0 = Release|Any CPU
		{E46A7268-C642-417C-95D3-E7FE6C4FCBCC}.Release|iPhoneSimulator.ActiveCfg = Release|Any CPU
		{E46A7268-C642-417C-95D3-E7FE6C4FCBCC}.Release|iPhoneSimulator.Build.0 = Release|Any CPU
		{E46A7268-C642-417C-95D3-E7FE6C4FCBCC}.Release|iPhoneSimulator.Deploy.0 = Release|Any CPU
		{E46A7268-C642-417C-95D3-E7FE6C4FCBCC}.Release|x64.ActiveCfg = Release|Any CPU
		{E46A7268-C642-417C-95D3-E7FE6C4FCBCC}.Release|x64.Build.0 = Release|Any CPU
		{E46A7268-C642-417C-95D3-E7FE6C4FCBCC}.Release|x64.Deploy.0 = Release|Any CPU
		{E46A7268-C642-417C-95D3-E7FE6C4FCBCC}.Release|x86.ActiveCfg = Release|Any CPU
		{E46A7268-C642-417C-95D3-E7FE6C4FCBCC}.Release|x86.Build.0 = Release|Any CPU
		{E46A7268-C642-417C-95D3-E7FE6C4FCBCC}.Release|x86.Deploy.0 = Release|Any CPU
		{4E81DB6F-338C-47FB-9DC6-1DB045A4767A}.Debug|Any CPU.ActiveCfg = Debug|iPhone
		{4E81DB6F-338C-47FB-9DC6-1DB045A4767A}.Debug|Any CPU.Build.0 = Debug|iPhone
		{4E81DB6F-338C-47FB-9DC6-1DB045A4767A}.Debug|Any CPU.Deploy.0 = Debug|iPhone
		{4E81DB6F-338C-47FB-9DC6-1DB045A4767A}.Debug|ARM.ActiveCfg = Debug|iPhone
		{4E81DB6F-338C-47FB-9DC6-1DB045A4767A}.Debug|ARM.Build.0 = Debug|iPhone
		{4E81DB6F-338C-47FB-9DC6-1DB045A4767A}.Debug|ARM.Deploy.0 = Debug|iPhone
		{4E81DB6F-338C-47FB-9DC6-1DB045A4767A}.Debug|iPhone.ActiveCfg = Debug|iPhone
		{4E81DB6F-338C-47FB-9DC6-1DB045A4767A}.Debug|iPhone.Build.0 = Debug|iPhone
		{4E81DB6F-338C-47FB-9DC6-1DB045A4767A}.Debug|iPhone.Deploy.0 = Debug|iPhone
		{4E81DB6F-338C-47FB-9DC6-1DB045A4767A}.Debug|iPhoneSimulator.ActiveCfg = Debug|iPhoneSimulator
		{4E81DB6F-338C-47FB-9DC6-1DB045A4767A}.Debug|iPhoneSimulator.Build.0 = Debug|iPhoneSimulator
		{4E81DB6F-338C-47FB-9DC6-1DB045A4767A}.Debug|iPhoneSimulator.Deploy.0 = Debug|iPhoneSimulator
		{4E81DB6F-338C-47FB-9DC6-1DB045A4767A}.Debug|x64.ActiveCfg = Debug|iPhone
		{4E81DB6F-338C-47FB-9DC6-1DB045A4767A}.Debug|x64.Build.0 = Debug|iPhone
		{4E81DB6F-338C-47FB-9DC6-1DB045A4767A}.Debug|x64.Deploy.0 = Debug|iPhone
		{4E81DB6F-338C-47FB-9DC6-1DB045A4767A}.Debug|x86.ActiveCfg = Debug|iPhone
		{4E81DB6F-338C-47FB-9DC6-1DB045A4767A}.Debug|x86.Build.0 = Debug|iPhone
		{4E81DB6F-338C-47FB-9DC6-1DB045A4767A}.Debug|x86.Deploy.0 = Debug|iPhone
		{4E81DB6F-338C-47FB-9DC6-1DB045A4767A}.Release|Any CPU.ActiveCfg = Release|iPhone
		{4E81DB6F-338C-47FB-9DC6-1DB045A4767A}.Release|Any CPU.Build.0 = Release|iPhone
		{4E81DB6F-338C-47FB-9DC6-1DB045A4767A}.Release|Any CPU.Deploy.0 = Release|iPhone
		{4E81DB6F-338C-47FB-9DC6-1DB045A4767A}.Release|ARM.ActiveCfg = Release|iPhone
		{4E81DB6F-338C-47FB-9DC6-1DB045A4767A}.Release|ARM.Build.0 = Release|iPhone
		{4E81DB6F-338C-47FB-9DC6-1DB045A4767A}.Release|ARM.Deploy.0 = Release|iPhone
		{4E81DB6F-338C-47FB-9DC6-1DB045A4767A}.Release|iPhone.ActiveCfg = Release|iPhone
		{4E81DB6F-338C-47FB-9DC6-1DB045A4767A}.Release|iPhone.Build.0 = Release|iPhone
		{4E81DB6F-338C-47FB-9DC6-1DB045A4767A}.Release|iPhone.Deploy.0 = Release|iPhone
		{4E81DB6F-338C-47FB-9DC6-1DB045A4767A}.Release|iPhoneSimulator.ActiveCfg = Release|iPhoneSimulator
		{4E81DB6F-338C-47FB-9DC6-1DB045A4767A}.Release|iPhoneSimulator.Build.0 = Release|iPhoneSimulator
		{4E81DB6F-338C-47FB-9DC6-1DB045A4767A}.Release|iPhoneSimulator.Deploy.0 = Release|iPhoneSimulator
		{4E81DB6F-338C-47FB-9DC6-1DB045A4767A}.Release|x64.ActiveCfg = Release|iPhone
		{4E81DB6F-338C-47FB-9DC6-1DB045A4767A}.Release|x64.Build.0 = Release|iPhone
		{4E81DB6F-338C-47FB-9DC6-1DB045A4767A}.Release|x64.Deploy.0 = Release|iPhone
		{4E81DB6F-338C-47FB-9DC6-1DB045A4767A}.Release|x86.ActiveCfg = Release|iPhone
		{4E81DB6F-338C-47FB-9DC6-1DB045A4767A}.Release|x86.Build.0 = Release|iPhone
		{4E81DB6F-338C-47FB-9DC6-1DB045A4767A}.Release|x86.Deploy.0 = Release|iPhone
		{F224045E-A507-4C6F-A399-28F3B3348A80}.Debug|Any CPU.ActiveCfg = Debug|Any CPU
		{F224045E-A507-4C6F-A399-28F3B3348A80}.Debug|Any CPU.Build.0 = Debug|Any CPU
		{F224045E-A507-4C6F-A399-28F3B3348A80}.Debug|Any CPU.Deploy.0 = Debug|Any CPU
		{F224045E-A507-4C6F-A399-28F3B3348A80}.Debug|ARM.ActiveCfg = Debug|Any CPU
		{F224045E-A507-4C6F-A399-28F3B3348A80}.Debug|ARM.Build.0 = Debug|Any CPU
		{F224045E-A507-4C6F-A399-28F3B3348A80}.Debug|ARM.Deploy.0 = Debug|Any CPU
		{F224045E-A507-4C6F-A399-28F3B3348A80}.Debug|iPhone.ActiveCfg = Debug|Any CPU
		{F224045E-A507-4C6F-A399-28F3B3348A80}.Debug|iPhone.Build.0 = Debug|Any CPU
		{F224045E-A507-4C6F-A399-28F3B3348A80}.Debug|iPhone.Deploy.0 = Debug|Any CPU
		{F224045E-A507-4C6F-A399-28F3B3348A80}.Debug|iPhoneSimulator.ActiveCfg = Debug|Any CPU
		{F224045E-A507-4C6F-A399-28F3B3348A80}.Debug|iPhoneSimulator.Build.0 = Debug|Any CPU
		{F224045E-A507-4C6F-A399-28F3B3348A80}.Debug|iPhoneSimulator.Deploy.0 = Debug|Any CPU
		{F224045E-A507-4C6F-A399-28F3B3348A80}.Debug|x64.ActiveCfg = Debug|Any CPU
		{F224045E-A507-4C6F-A399-28F3B3348A80}.Debug|x64.Build.0 = Debug|Any CPU
		{F224045E-A507-4C6F-A399-28F3B3348A80}.Debug|x64.Deploy.0 = Debug|Any CPU
		{F224045E-A507-4C6F-A399-28F3B3348A80}.Debug|x86.ActiveCfg = Debug|Any CPU
		{F224045E-A507-4C6F-A399-28F3B3348A80}.Debug|x86.Build.0 = Debug|Any CPU
		{F224045E-A507-4C6F-A399-28F3B3348A80}.Debug|x86.Deploy.0 = Debug|Any CPU
		{F224045E-A507-4C6F-A399-28F3B3348A80}.Release|Any CPU.ActiveCfg = Release|Any CPU
		{F224045E-A507-4C6F-A399-28F3B3348A80}.Release|Any CPU.Build.0 = Release|Any CPU
		{F224045E-A507-4C6F-A399-28F3B3348A80}.Release|Any CPU.Deploy.0 = Release|Any CPU
		{F224045E-A507-4C6F-A399-28F3B3348A80}.Release|ARM.ActiveCfg = Release|Any CPU
		{F224045E-A507-4C6F-A399-28F3B3348A80}.Release|ARM.Build.0 = Release|Any CPU
		{F224045E-A507-4C6F-A399-28F3B3348A80}.Release|ARM.Deploy.0 = Release|Any CPU
		{F224045E-A507-4C6F-A399-28F3B3348A80}.Release|iPhone.ActiveCfg = Release|Any CPU
		{F224045E-A507-4C6F-A399-28F3B3348A80}.Release|iPhone.Build.0 = Release|Any CPU
		{F224045E-A507-4C6F-A399-28F3B3348A80}.Release|iPhone.Deploy.0 = Release|Any CPU
		{F224045E-A507-4C6F-A399-28F3B3348A80}.Release|iPhoneSimulator.ActiveCfg = Release|Any CPU
		{F224045E-A507-4C6F-A399-28F3B3348A80}.Release|iPhoneSimulator.Build.0 = Release|Any CPU
		{F224045E-A507-4C6F-A399-28F3B3348A80}.Release|iPhoneSimulator.Deploy.0 = Release|Any CPU
		{F224045E-A507-4C6F-A399-28F3B3348A80}.Release|x64.ActiveCfg = Release|Any CPU
		{F224045E-A507-4C6F-A399-28F3B3348A80}.Release|x64.Build.0 = Release|Any CPU
		{F224045E-A507-4C6F-A399-28F3B3348A80}.Release|x64.Deploy.0 = Release|Any CPU
		{F224045E-A507-4C6F-A399-28F3B3348A80}.Release|x86.ActiveCfg = Release|Any CPU
		{F224045E-A507-4C6F-A399-28F3B3348A80}.Release|x86.Build.0 = Release|Any CPU
		{F224045E-A507-4C6F-A399-28F3B3348A80}.Release|x86.Deploy.0 = Release|Any CPU
	EndGlobalSection
	GlobalSection(SolutionProperties) = preSolution
		HideSolutionNode = FALSE
	EndGlobalSection
	GlobalSection(ExtensibilityGlobals) = postSolution
		SolutionGuid = {A1D86C22-449B-438C-BF86-CB20BCBA0BD6}
	EndGlobalSection
EndGlobal
